<?xml version="1.0" encoding="utf-8"?>
<Project ToolsVersion="4.0" xmlns="http://schemas.microsoft.com/developer/msbuild/2003">
  <ItemGroup>
    <Filter Include="源文件">
      <UniqueIdentifier>{4FC737F1-C7A5-4376-A066-2A32D752A2FF}</UniqueIdentifier>
      <Extensions>cpp;c;cc;cxx;def;odl;idl;hpj;bat;asm;asmx</Extensions>
    </Filter>
    <Filter Include="头文件">
      <UniqueIdentifier>{93995380-89BD-4b04-88EB-625FBE52EBFB}</UniqueIdentifier>
      <Extensions>h;hpp;hxx;hm;inl;inc;xsd</Extensions>
    </Filter>
    <Filter Include="资源文件">
      <UniqueIdentifier>{67DA6AB6-F800-4c08-8B7A-83BB121AAD01}</UniqueIdentifier>
      <Extensions>rc;ico;cur;bmp;dlg;rc2;rct;bin;rgs;gif;jpg;jpeg;jpe;resx;tiff;tif;png;wav;mfcribbon-ms</Extensions>
    </Filter>
  </ItemGroup>
  <ItemGroup>
    <ClInclude Include="src\data_dlcpump\data_dlctxpump.h">
      <Filter>头文件</Filter>
    </ClInclude>
    <ClInclude Include="src\data_net\data_nrx.h">
      <Filter>头文件</Filter>
    </ClInclude>
    <ClInclude Include="src\data_net\data_ntx.h">
      <Filter>头文件</Filter>
    </ClInclude>
    <ClInclude Include="src\data_rly\data_rly_tx.h">
      <Filter>头文件</Filter>
    </ClInclude>
    <ClInclude Include="src\entity\entity.h">
      <Filter>头文件</Filter>
    </ClInclude>
    <ClInclude Include="src\interface\data_interface_rx.h">
      <Filter>头文件</Filter>
    </ClInclude>
    <ClInclude Include="src\interface\data_interface_tx.h">
      <Filter>头文件</Filter>
    </ClInclude>
    <ClInclude Include="src\interrupt_handler_test\interrupt_handler.h">
      <Filter>头文件</Filter>
    </ClInclude>
    <ClInclude Include="src\mib\mib.h">
      <Filter>头文件</Filter>
    </ClInclude>
    <ClInclude Include="src\rt\rt_ctrl.h">
      <Filter>头文件</Filter>
    </ClInclude>
    <ClInclude Include="src\rt\rt_find.h">
      <Filter>头文件</Filter>
    </ClInclude>
    <ClInclude Include="src\sdl\sdl.h">
      <Filter>头文件</Filter>
    </ClInclude>
    <ClInclude Include="src\common.h">
      <Filter>头文件</Filter>
    </ClInclude>
    <ClInclude Include="src\data_dlcrxfilter\data_dlc_rxfilter.h">
      <Filter>头文件</Filter>
    </ClInclude>
    <ClInclude Include="src\data_rly\rly_jam.h">
      <Filter>头文件</Filter>
    </ClInclude>
  </ItemGroup>
  <ItemGroup>
    <ClCompile Include="src\data_dlcpump\data_dlctxpump.c">
      <Filter>源文件</Filter>
    </ClCompile>
    <ClCompile Include="src\data_net\data_nrx.c">
      <Filter>源文件</Filter>
    </ClCompile>
    <ClCompile Include="src\data_net\data_ntx.c">
      <Filter>源文件</Filter>
    </ClCompile>
    <ClCompile Include="src\data_rly\data_rly_tx.c">
      <Filter>源文件</Filter>
    </ClCompile>
    <ClCompile Include="src\entity\entity.c">
      <Filter>源文件</Filter>
    </ClCompile>
    <ClCompile Include="src\interface\data_interface_rx.c">
      <Filter>源文件</Filter>
    </ClCompile>
    <ClCompile Include="src\interface\data_interface_tx.c">
      <Filter>源文件</Filter>
    </ClCompile>
    <ClCompile Include="src\interrupt_handler_test\interrupt_handler.c">
      <Filter>源文件</Filter>
    </ClCompile>
    <ClCompile Include="src\mib\mib.c">
      <Filter>源文件</Filter>
    </ClCompile>
    <ClCompile Include="src\rt\rt_ctrl.c">
      <Filter>源文件</Filter>
    </ClCompile>
    <ClCompile Include="src\rt\rt_find.c">
      <Filter>源文件</Filter>
    </ClCompile>
    <ClCompile Include="src\sdl\sdl.c">
      <Filter>源文件</Filter>
    </ClCompile>
    <ClCompile Include="src\main.c">
      <Filter>源文件</Filter>
    </ClCompile>
    <ClCompile Include="src\data_dlcrxfilter\data_dlc_rxfilter.c">
      <Filter>源文件</Filter>
    </ClCompile>
    <ClCompile Include="src\data_rly\rly_jam.c">
      <Filter>源文件</Filter>
    </ClCompile>
  </ItemGroup>
</Project>